
Microsoft Visual Studio Solution File, Format Version 12.00
# Visual Studio 2012
Project("{8BC9CEB8-8B4A-11D0-8D11-00A0C91BC942}") = "core", "core\core.vcxproj", "{417353AC-9519-4E44-8240-7F4D1C0C0B8B}"
EndProject
Project("{8BC9CEB8-8B4A-11D0-8D11-00A0C91BC942}") = "game", "game\game.vcxproj", "{5B28EE81-070B-49C2-A78D-3E606B3ACA15}"
EndProject
Project("{8BC9CEB8-8B4A-11D0-8D11-00A0C91BC942}") = "math", "libmath\math.vcxproj", "{EDBEDFA1-D851-44AE-A6FF-A9C9B3E8A514}"
EndProject
Project("{8BC9CEB8-8B4A-11D0-8D11-00A0C91BC942}") = "render", "render\render.vcxproj", "{D121E7EE-6928-4F03-B4BD-C7F9FC7E4C55}"
EndProject
Project("{8BC9CEB8-8B4A-11D0-8D11-00A0C91BC942}") = "main", "main\main.vcxproj", "{3EA1AF74-AC18-4A81-AB32-C57162B9C225}"
	ProjectSection(ProjectDependencies) = postProject
		{8C4EEA14-4B04-4FEC-8A06-F89E3D1C0CBB} = {8C4EEA14-4B04-4FEC-8A06-F89E3D1C0CBB}
		{CF396D52-7EEA-42C2-AF4C-34A2862D0714} = {CF396D52-7EEA-42C2-AF4C-34A2862D0714}
		{5B28EE81-070B-49C2-A78D-3E606B3ACA15} = {5B28EE81-070B-49C2-A78D-3E606B3ACA15}
		{CBB94B9B-88C4-447E-97F0-56E02448167D} = {CBB94B9B-88C4-447E-97F0-56E02448167D}
		{EDBEDFA1-D851-44AE-A6FF-A9C9B3E8A514} = {EDBEDFA1-D851-44AE-A6FF-A9C9B3E8A514}
		{417353AC-9519-4E44-8240-7F4D1C0C0B8B} = {417353AC-9519-4E44-8240-7F4D1C0C0B8B}
		{96082BCA-103F-4F63-AD63-E0B6F5815505} = {96082BCA-103F-4F63-AD63-E0B6F5815505}
		{D121E7EE-6928-4F03-B4BD-C7F9FC7E4C55} = {D121E7EE-6928-4F03-B4BD-C7F9FC7E4C55}
	EndProjectSection
EndProject
Project("{8BC9CEB8-8B4A-11D0-8D11-00A0C91BC942}") = "world", "world\world.vcxproj", "{CF396D52-7EEA-42C2-AF4C-34A2862D0714}"
EndProject
Project("{8BC9CEB8-8B4A-11D0-8D11-00A0C91BC942}") = "model", "model\model.vcxproj", "{96082BCA-103F-4F63-AD63-E0B6F5815505}"
EndProject
Project("{2150E333-8FDC-42A3-9474-1A3956D46DE8}") = "Solution Items", "Solution Items", "{04EA18C7-982C-4880-9A33-7BFB9854DCA3}"
	ProjectSection(SolutionItems) = preProject
		readme.txt = readme.txt
	EndProjectSection
EndProject
Project("{8BC9CEB8-8B4A-11D0-8D11-00A0C91BC942}") = "terrain", "terrain\terrain.vcxproj", "{CBB94B9B-88C4-447E-97F0-56E02448167D}"
EndProject
Project("{8BC9CEB8-8B4A-11D0-8D11-00A0C91BC942}") = "gui", "gui\gui.vcxproj", "{76FBC400-9044-478F-BAC6-14D9F92AC441}"
EndProject
Project("{8BC9CEB8-8B4A-11D0-8D11-00A0C91BC942}") = "algorithm", "algorithm\algorithm.vcxproj", "{8C4EEA14-4B04-4FEC-8A06-F89E3D1C0CBB}"
EndProject
Global
	GlobalSection(SolutionConfigurationPlatforms) = preSolution
		Debug|Win32 = Debug|Win32
		Perf_Debug|Win32 = Perf_Debug|Win32
		Release|Win32 = Release|Win32
	EndGlobalSection
	GlobalSection(ProjectConfigurationPlatforms) = postSolution
		{417353AC-9519-4E44-8240-7F4D1C0C0B8B}.Debug|Win32.ActiveCfg = Debug|Win32
		{417353AC-9519-4E44-8240-7F4D1C0C0B8B}.Debug|Win32.Build.0 = Debug|Win32
		{417353AC-9519-4E44-8240-7F4D1C0C0B8B}.Perf_Debug|Win32.ActiveCfg = Perf_Debug|Win32
		{417353AC-9519-4E44-8240-7F4D1C0C0B8B}.Perf_Debug|Win32.Build.0 = Perf_Debug|Win32
		{417353AC-9519-4E44-8240-7F4D1C0C0B8B}.Release|Win32.ActiveCfg = Release|Win32
		{417353AC-9519-4E44-8240-7F4D1C0C0B8B}.Release|Win32.Build.0 = Release|Win32
		{5B28EE81-070B-49C2-A78D-3E606B3ACA15}.Debug|Win32.ActiveCfg = Debug|Win32
		{5B28EE81-070B-49C2-A78D-3E606B3ACA15}.Debug|Win32.Build.0 = Debug|Win32
		{5B28EE81-070B-49C2-A78D-3E606B3ACA15}.Perf_Debug|Win32.ActiveCfg = Debug|Win32
		{5B28EE81-070B-49C2-A78D-3E606B3ACA15}.Perf_Debug|Win32.Build.0 = Debug|Win32
		{5B28EE81-070B-49C2-A78D-3E606B3ACA15}.Release|Win32.ActiveCfg = Release|Win32
		{5B28EE81-070B-49C2-A78D-3E606B3ACA15}.Release|Win32.Build.0 = Release|Win32
		{EDBEDFA1-D851-44AE-A6FF-A9C9B3E8A514}.Debug|Win32.ActiveCfg = Debug|Win32
		{EDBEDFA1-D851-44AE-A6FF-A9C9B3E8A514}.Debug|Win32.Build.0 = Debug|Win32
		{EDBEDFA1-D851-44AE-A6FF-A9C9B3E8A514}.Perf_Debug|Win32.ActiveCfg = Perf_Debug|Win32
		{EDBEDFA1-D851-44AE-A6FF-A9C9B3E8A514}.Perf_Debug|Win32.Build.0 = Perf_Debug|Win32
		{EDBEDFA1-D851-44AE-A6FF-A9C9B3E8A514}.Release|Win32.ActiveCfg = Release|Win32
		{EDBEDFA1-D851-44AE-A6FF-A9C9B3E8A514}.Release|Win32.Build.0 = Release|Win32
		{D121E7EE-6928-4F03-B4BD-C7F9FC7E4C55}.Debug|Win32.ActiveCfg = Debug|Win32
		{D121E7EE-6928-4F03-B4BD-C7F9FC7E4C55}.Debug|Win32.Build.0 = Debug|Win32
		{D121E7EE-6928-4F03-B4BD-C7F9FC7E4C55}.Perf_Debug|Win32.ActiveCfg = Perf_Debug|Win32
		{D121E7EE-6928-4F03-B4BD-C7F9FC7E4C55}.Perf_Debug|Win32.Build.0 = Perf_Debug|Win32
		{D121E7EE-6928-4F03-B4BD-C7F9FC7E4C55}.Release|Win32.ActiveCfg = Release|Win32
		{D121E7EE-6928-4F03-B4BD-C7F9FC7E4C55}.Release|Win32.Build.0 = Release|Win32
		{3EA1AF74-AC18-4A81-AB32-C57162B9C225}.Debug|Win32.ActiveCfg = Debug|Win32
		{3EA1AF74-AC18-4A81-AB32-C57162B9C225}.Debug|Win32.Build.0 = Debug|Win32
		{3EA1AF74-AC18-4A81-AB32-C57162B9C225}.Perf_Debug|Win32.ActiveCfg = Debug|Win32
		{3EA1AF74-AC18-4A81-AB32-C57162B9C225}.Perf_Debug|Win32.Build.0 = Debug|Win32
		{3EA1AF74-AC18-4A81-AB32-C57162B9C225}.Release|Win32.ActiveCfg = Release|Win32
		{3EA1AF74-AC18-4A81-AB32-C57162B9C225}.Release|Win32.Build.0 = Release|Win32
		{CF396D52-7EEA-42C2-AF4C-34A2862D0714}.Debug|Win32.ActiveCfg = Debug|Win32
		{CF396D52-7EEA-42C2-AF4C-34A2862D0714}.Debug|Win32.Build.0 = Debug|Win32
		{CF396D52-7EEA-42C2-AF4C-34A2862D0714}.Perf_Debug|Win32.ActiveCfg = Debug|Win32
		{CF396D52-7EEA-42C2-AF4C-34A2862D0714}.Perf_Debug|Win32.Build.0 = Debug|Win32
		{CF396D52-7EEA-42C2-AF4C-34A2862D0714}.Release|Win32.ActiveCfg = Release|Win32
		{CF396D52-7EEA-42C2-AF4C-34A2862D0714}.Release|Win32.Build.0 = Release|Win32
		{96082BCA-103F-4F63-AD63-E0B6F5815505}.Debug|Win32.ActiveCfg = Debug|Win32
		{96082BCA-103F-4F63-AD63-E0B6F5815505}.Debug|Win32.Build.0 = Debug|Win32
		{96082BCA-103F-4F63-AD63-E0B6F5815505}.Perf_Debug|Win32.ActiveCfg = Debug|Win32
		{96082BCA-103F-4F63-AD63-E0B6F5815505}.Perf_Debug|Win32.Build.0 = Debug|Win32
		{96082BCA-103F-4F63-AD63-E0B6F5815505}.Release|Win32.ActiveCfg = Release|Win32
		{96082BCA-103F-4F63-AD63-E0B6F5815505}.Release|Win32.Build.0 = Release|Win32
		{CBB94B9B-88C4-447E-97F0-56E02448167D}.Debug|Win32.ActiveCfg = Debug|Win32
		{CBB94B9B-88C4-447E-97F0-56E02448167D}.Debug|Win32.Build.0 = Debug|Win32
		{CBB94B9B-88C4-447E-97F0-56E02448167D}.Perf_Debug|Win32.ActiveCfg = Debug|Win32
		{CBB94B9B-88C4-447E-97F0-56E02448167D}.Perf_Debug|Win32.Build.0 = Debug|Win32
		{CBB94B9B-88C4-447E-97F0-56E02448167D}.Release|Win32.ActiveCfg = Release|Win32
		{CBB94B9B-88C4-447E-97F0-56E02448167D}.Release|Win32.Build.0 = Release|Win32
		{76FBC400-9044-478F-BAC6-14D9F92AC441}.Debug|Win32.ActiveCfg = Debug|Win32
		{76FBC400-9044-478F-BAC6-14D9F92AC441}.Debug|Win32.Build.0 = Debug|Win32
		{76FBC400-9044-478F-BAC6-14D9F92AC441}.Perf_Debug|Win32.ActiveCfg = Perf_Debug|Win32
		{76FBC400-9044-478F-BAC6-14D9F92AC441}.Perf_Debug|Win32.Build.0 = Perf_Debug|Win32
		{76FBC400-9044-478F-BAC6-14D9F92AC441}.Release|Win32.ActiveCfg = Release|Win32
		{76FBC400-9044-478F-BAC6-14D9F92AC441}.Release|Win32.Build.0 = Release|Win32
		{8C4EEA14-4B04-4FEC-8A06-F89E3D1C0CBB}.Debug|Win32.ActiveCfg = Debug|Win32
		{8C4EEA14-4B04-4FEC-8A06-F89E3D1C0CBB}.Debug|Win32.Build.0 = Debug|Win32
		{8C4EEA14-4B04-4FEC-8A06-F89E3D1C0CBB}.Perf_Debug|Win32.ActiveCfg = Debug|Win32
		{8C4EEA14-4B04-4FEC-8A06-F89E3D1C0CBB}.Perf_Debug|Win32.Build.0 = Debug|Win32
		{8C4EEA14-4B04-4FEC-8A06-F89E3D1C0CBB}.Release|Win32.ActiveCfg = Release|Win32
		{8C4EEA14-4B04-4FEC-8A06-F89E3D1C0CBB}.Release|Win32.Build.0 = Release|Win32
	EndGlobalSection
	GlobalSection(SolutionProperties) = preSolution
		HideSolutionNode = FALSE
	EndGlobalSection
EndGlobal
