
Microsoft Visual Studio Solution File, Format Version 12.00
# Visual Studio 2013
VisualStudioVersion = 12.0.21005.1
MinimumVisualStudioVersion = 10.0.40219.1
Project("{8BC9CEB8-8B4A-11D0-8D11-00A0C91BC942}") = "main", "main\Main.vcxproj", "{3EA1AF74-AC18-4A81-AB32-C57162B9C225}"
	ProjectSection(ProjectDependencies) = postProject
		{5B28EE81-070B-49C2-A78D-3E606B3ACA15} = {5B28EE81-070B-49C2-A78D-3E606B3ACA15}
		{65DCAEA5-3755-4338-9B04-44A3BAFBF8EF} = {65DCAEA5-3755-4338-9B04-44A3BAFBF8EF}
		{765877ED-1EE7-4B2C-9010-3035649A8AC4} = {765877ED-1EE7-4B2C-9010-3035649A8AC4}
		{91A584FB-9C14-4F71-928E-1BD0D401AC47} = {91A584FB-9C14-4F71-928E-1BD0D401AC47}
	EndProjectSection
EndProject
Project("{8BC9CEB8-8B4A-11D0-8D11-00A0C91BC942}") = "game", "game\Game.vcxproj", "{5B28EE81-070B-49C2-A78D-3E606B3ACA15}"
EndProject
Project("{8BC9CEB8-8B4A-11D0-8D11-00A0C91BC942}") = "render", "render\render.vcxproj", "{765877ED-1EE7-4B2C-9010-3035649A8AC4}"
EndProject
Project("{8BC9CEB8-8B4A-11D0-8D11-00A0C91BC942}") = "math", "math\math.vcxproj", "{91A584FB-9C14-4F71-928E-1BD0D401AC47}"
EndProject
Project("{8BC9CEB8-8B4A-11D0-8D11-00A0C91BC942}") = "core", "core\core.vcxproj", "{65DCAEA5-3755-4338-9B04-44A3BAFBF8EF}"
EndProject
Global
	GlobalSection(SolutionConfigurationPlatforms) = preSolution
		Debug|Win32 = Debug|Win32
		Release|Win32 = Release|Win32
	EndGlobalSection
	GlobalSection(ProjectConfigurationPlatforms) = postSolution
		{3EA1AF74-AC18-4A81-AB32-C57162B9C225}.Debug|Win32.ActiveCfg = Debug|Win32
		{3EA1AF74-AC18-4A81-AB32-C57162B9C225}.Debug|Win32.Build.0 = Debug|Win32
		{3EA1AF74-AC18-4A81-AB32-C57162B9C225}.Release|Win32.ActiveCfg = Release|Win32
		{3EA1AF74-AC18-4A81-AB32-C57162B9C225}.Release|Win32.Build.0 = Release|Win32
		{5B28EE81-070B-49C2-A78D-3E606B3ACA15}.Debug|Win32.ActiveCfg = Debug|Win32
		{5B28EE81-070B-49C2-A78D-3E606B3ACA15}.Debug|Win32.Build.0 = Debug|Win32
		{5B28EE81-070B-49C2-A78D-3E606B3ACA15}.Release|Win32.ActiveCfg = Release|Win32
		{5B28EE81-070B-49C2-A78D-3E606B3ACA15}.Release|Win32.Build.0 = Release|Win32
		{765877ED-1EE7-4B2C-9010-3035649A8AC4}.Debug|Win32.ActiveCfg = Debug|Win32
		{765877ED-1EE7-4B2C-9010-3035649A8AC4}.Debug|Win32.Build.0 = Debug|Win32
		{765877ED-1EE7-4B2C-9010-3035649A8AC4}.Release|Win32.ActiveCfg = Release|Win32
		{765877ED-1EE7-4B2C-9010-3035649A8AC4}.Release|Win32.Build.0 = Release|Win32
		{91A584FB-9C14-4F71-928E-1BD0D401AC47}.Debug|Win32.ActiveCfg = Debug|Win32
		{91A584FB-9C14-4F71-928E-1BD0D401AC47}.Debug|Win32.Build.0 = Debug|Win32
		{91A584FB-9C14-4F71-928E-1BD0D401AC47}.Release|Win32.ActiveCfg = Release|Win32
		{91A584FB-9C14-4F71-928E-1BD0D401AC47}.Release|Win32.Build.0 = Release|Win32
		{65DCAEA5-3755-4338-9B04-44A3BAFBF8EF}.Debug|Win32.ActiveCfg = Debug|Win32
		{65DCAEA5-3755-4338-9B04-44A3BAFBF8EF}.Debug|Win32.Build.0 = Debug|Win32
		{65DCAEA5-3755-4338-9B04-44A3BAFBF8EF}.Release|Win32.ActiveCfg = Release|Win32
		{65DCAEA5-3755-4338-9B04-44A3BAFBF8EF}.Release|Win32.Build.0 = Release|Win32
	EndGlobalSection
	GlobalSection(SolutionProperties) = preSolution
		HideSolutionNode = FALSE
	EndGlobalSection
EndGlobal
