
Microsoft Visual Studio Solution File, Format Version 12.00
# Visual Studio 2013
VisualStudioVersion = 12.0.21005.1
MinimumVisualStudioVersion = 10.0.40219.1
Project("{8BC9CEB8-8B4A-11D0-8D11-00A0C91BC942}") = "core", "core\core.vcxproj", "{417353AC-9519-4E44-8240-7F4D1C0C0B8B}"
EndProject
Project("{8BC9CEB8-8B4A-11D0-8D11-00A0C91BC942}") = "game", "game\game.vcxproj", "{5B28EE81-070B-49C2-A78D-3E606B3ACA15}"
EndProject
Project("{8BC9CEB8-8B4A-11D0-8D11-00A0C91BC942}") = "math", "libmath\math.vcxproj", "{EDBEDFA1-D851-44AE-A6FF-A9C9B3E8A514}"
EndProject
Project("{8BC9CEB8-8B4A-11D0-8D11-00A0C91BC942}") = "render", "render\render.vcxproj", "{D121E7EE-6928-4F03-B4BD-C7F9FC7E4C55}"
EndProject
Project("{8BC9CEB8-8B4A-11D0-8D11-00A0C91BC942}") = "main", "main\main.vcxproj", "{3EA1AF74-AC18-4A81-AB32-C57162B9C225}"
	ProjectSection(ProjectDependencies) = postProject
		{CF396D52-7EEA-42C2-AF4C-34A2862D0714} = {CF396D52-7EEA-42C2-AF4C-34A2862D0714}
		{5B28EE81-070B-49C2-A78D-3E606B3ACA15} = {5B28EE81-070B-49C2-A78D-3E606B3ACA15}
		{EDBEDFA1-D851-44AE-A6FF-A9C9B3E8A514} = {EDBEDFA1-D851-44AE-A6FF-A9C9B3E8A514}
		{417353AC-9519-4E44-8240-7F4D1C0C0B8B} = {417353AC-9519-4E44-8240-7F4D1C0C0B8B}
		{D121E7EE-6928-4F03-B4BD-C7F9FC7E4C55} = {D121E7EE-6928-4F03-B4BD-C7F9FC7E4C55}
	EndProjectSection
EndProject
Project("{8BC9CEB8-8B4A-11D0-8D11-00A0C91BC942}") = "world", "world\world.vcxproj", "{CF396D52-7EEA-42C2-AF4C-34A2862D0714}"
EndProject
Global
	GlobalSection(SolutionConfigurationPlatforms) = preSolution
		Debug|Win32 = Debug|Win32
		Perf_Debug|Win32 = Perf_Debug|Win32
		Release|Win32 = Release|Win32
	EndGlobalSection
	GlobalSection(ProjectConfigurationPlatforms) = postSolution
		{417353AC-9519-4E44-8240-7F4D1C0C0B8B}.Debug|Win32.ActiveCfg = Debug|Win32
		{417353AC-9519-4E44-8240-7F4D1C0C0B8B}.Debug|Win32.Build.0 = Debug|Win32
		{417353AC-9519-4E44-8240-7F4D1C0C0B8B}.Perf_Debug|Win32.ActiveCfg = Perf_Debug|Win32
		{417353AC-9519-4E44-8240-7F4D1C0C0B8B}.Perf_Debug|Win32.Build.0 = Perf_Debug|Win32
		{417353AC-9519-4E44-8240-7F4D1C0C0B8B}.Release|Win32.ActiveCfg = Release|Win32
		{417353AC-9519-4E44-8240-7F4D1C0C0B8B}.Release|Win32.Build.0 = Release|Win32
		{5B28EE81-070B-49C2-A78D-3E606B3ACA15}.Debug|Win32.ActiveCfg = Debug|Win32
		{5B28EE81-070B-49C2-A78D-3E606B3ACA15}.Debug|Win32.Build.0 = Debug|Win32
		{5B28EE81-070B-49C2-A78D-3E606B3ACA15}.Perf_Debug|Win32.ActiveCfg = Debug|Win32
		{5B28EE81-070B-49C2-A78D-3E606B3ACA15}.Perf_Debug|Win32.Build.0 = Debug|Win32
		{5B28EE81-070B-49C2-A78D-3E606B3ACA15}.Release|Win32.ActiveCfg = Release|Win32
		{5B28EE81-070B-49C2-A78D-3E606B3ACA15}.Release|Win32.Build.0 = Release|Win32
		{EDBEDFA1-D851-44AE-A6FF-A9C9B3E8A514}.Debug|Win32.ActiveCfg = Debug|Win32
		{EDBEDFA1-D851-44AE-A6FF-A9C9B3E8A514}.Debug|Win32.Build.0 = Debug|Win32
		{EDBEDFA1-D851-44AE-A6FF-A9C9B3E8A514}.Perf_Debug|Win32.ActiveCfg = Perf_Debug|Win32
		{EDBEDFA1-D851-44AE-A6FF-A9C9B3E8A514}.Perf_Debug|Win32.Build.0 = Perf_Debug|Win32
		{EDBEDFA1-D851-44AE-A6FF-A9C9B3E8A514}.Release|Win32.ActiveCfg = Release|Win32
		{EDBEDFA1-D851-44AE-A6FF-A9C9B3E8A514}.Release|Win32.Build.0 = Release|Win32
		{D121E7EE-6928-4F03-B4BD-C7F9FC7E4C55}.Debug|Win32.ActiveCfg = Debug|Win32
		{D121E7EE-6928-4F03-B4BD-C7F9FC7E4C55}.Debug|Win32.Build.0 = Debug|Win32
		{D121E7EE-6928-4F03-B4BD-C7F9FC7E4C55}.Perf_Debug|Win32.ActiveCfg = Perf_Debug|Win32
		{D121E7EE-6928-4F03-B4BD-C7F9FC7E4C55}.Perf_Debug|Win32.Build.0 = Perf_Debug|Win32
		{D121E7EE-6928-4F03-B4BD-C7F9FC7E4C55}.Release|Win32.ActiveCfg = Release|Win32
		{D121E7EE-6928-4F03-B4BD-C7F9FC7E4C55}.Release|Win32.Build.0 = Release|Win32
		{3EA1AF74-AC18-4A81-AB32-C57162B9C225}.Debug|Win32.ActiveCfg = Debug|Win32
		{3EA1AF74-AC18-4A81-AB32-C57162B9C225}.Debug|Win32.Build.0 = Debug|Win32
		{3EA1AF74-AC18-4A81-AB32-C57162B9C225}.Perf_Debug|Win32.ActiveCfg = Debug|Win32
		{3EA1AF74-AC18-4A81-AB32-C57162B9C225}.Perf_Debug|Win32.Build.0 = Debug|Win32
		{3EA1AF74-AC18-4A81-AB32-C57162B9C225}.Release|Win32.ActiveCfg = Release|Win32
		{3EA1AF74-AC18-4A81-AB32-C57162B9C225}.Release|Win32.Build.0 = Release|Win32
		{CF396D52-7EEA-42C2-AF4C-34A2862D0714}.Debug|Win32.ActiveCfg = Debug|Win32
		{CF396D52-7EEA-42C2-AF4C-34A2862D0714}.Debug|Win32.Build.0 = Debug|Win32
		{CF396D52-7EEA-42C2-AF4C-34A2862D0714}.Perf_Debug|Win32.ActiveCfg = Debug|Win32
		{CF396D52-7EEA-42C2-AF4C-34A2862D0714}.Perf_Debug|Win32.Build.0 = Debug|Win32
		{CF396D52-7EEA-42C2-AF4C-34A2862D0714}.Release|Win32.ActiveCfg = Release|Win32
		{CF396D52-7EEA-42C2-AF4C-34A2862D0714}.Release|Win32.Build.0 = Release|Win32
	EndGlobalSection
	GlobalSection(SolutionProperties) = preSolution
		HideSolutionNode = FALSE
	EndGlobalSection
EndGlobal
