<?xml version="1.0" encoding="utf-8"?>
<Project ToolsVersion="4.0" xmlns="http://schemas.microsoft.com/developer/msbuild/2003">
  <ItemGroup>
    <ClCompile Include="adjuster.cpp" />
    <ClCompile Include="balloon.cpp" />
    <ClCompile Include="balloon_set.cpp" />
    <ClCompile Include="button.cpp" />
    <ClCompile Include="caret.cpp" />
    <ClCompile Include="check_button.cpp" />
    <ClCompile Include="combo_box.cpp" />
    <ClCompile Include="control_box.cpp" />
    <ClCompile Include="cursor.cpp" />
    <ClCompile Include="edit.cpp" />
    <ClCompile Include="float_edit.cpp" />
    <ClCompile Include="form.cpp" />
    <ClCompile Include="grid.cpp" />
    <ClCompile Include="group_box.cpp" />
    <ClCompile Include="gui_scroll.cpp" />
    <ClCompile Include="i_container.cpp" />
    <ClCompile Include="i_control.cpp" />
    <ClCompile Include="i_scrollable.cpp" />
    <ClCompile Include="image_list.cpp" />
    <ClCompile Include="image_player.cpp" />
    <ClCompile Include="label.cpp" />
    <ClCompile Include="list_box.cpp" />
    <ClCompile Include="main_menu.cpp" />
    <ClCompile Include="mark_string.cpp" />
    <ClCompile Include="mempool2.cpp" />
    <ClCompile Include="menu.cpp" />
    <ClCompile Include="menu_item.cpp" />
    <ClCompile Include="picture.cpp" />
    <ClCompile Include="progress_bar.cpp" />
    <ClCompile Include="radio_button.cpp" />
    <ClCompile Include="round_box.cpp" />
    <ClCompile Include="scroll_bar.cpp" />
    <ClCompile Include="selector.cpp" />
    <ClCompile Include="splitter.cpp" />
    <ClCompile Include="text_box.cpp" />
    <ClCompile Include="track_bar.cpp" />
    <ClCompile Include="track_rect.cpp" />
    <ClCompile Include="tree_node.cpp" />
    <ClCompile Include="tree_view.cpp" />
    <ClCompile Include="action_track.cpp" />
    <ClCompile Include="animation.cpp" />
    <ClCompile Include="animation_path.cpp" />
    <ClCompile Include="color_data.cpp" />
    <ClCompile Include="cool_manager.cpp" />
    <ClCompile Include="data_image.cpp" />
    <ClCompile Include="design_info.cpp" />
    <ClCompile Include="design_loader.cpp" />
    <ClCompile Include="design_res.cpp" />
    <ClCompile Include="design_saver.cpp" />
    <ClCompile Include="designer.cpp" />
    <ClCompile Include="ellipse_progress_bar.cpp" />
    <ClCompile Include="eventmanager.cpp" />
    <ClCompile Include="flexstring.cpp" />
    <ClCompile Include="font.cpp" />
    <ClCompile Include="group_map.cpp" />
    <ClCompile Include="group_scrollable_box.cpp" />
    <ClCompile Include="gui.cpp" />
    <ClCompile Include="gui_msg_proc.cpp" />
    <ClCompile Include="gui_utils.cpp" />
    <ClCompile Include="hyperlinkstyle_manager.cpp" />
    <ClCompile Include="image_control_grid.cpp" />
    <ClCompile Include="image_data.cpp" />
    <ClCompile Include="image_grid.cpp" />
    <ClCompile Include="imageanimation_manager.cpp" />
    <ClCompile Include="lib_main.cpp" />
    <ClCompile Include="multitext_box.cpp" />
    <ClCompile Include="rich_edit.cpp" />
    <ClCompile Include="rich_input_box.cpp" />
    <ClCompile Include="scene_box.cpp" />
    <ClCompile Include="sprite.cpp" />
    <ClCompile Include="spritemanager.cpp" />
    <ClCompile Include="text.cpp" />
    <ClCompile Include="tinyhtml.cpp" />
    <ClCompile Include="tree_node_ex.cpp" />
    <ClCompile Include="tree_view_ex.cpp" />
    <ClCompile Include="..\tools\string_util.cpp">
      <Filter>tools</Filter>
    </ClCompile>
  </ItemGroup>
  <ItemGroup>
    <ClInclude Include="adjuster.h" />
    <ClInclude Include="balloon.h" />
    <ClInclude Include="balloon_set.h" />
    <ClInclude Include="button.h" />
    <ClInclude Include="caret.h" />
    <ClInclude Include="check_button.h" />
    <ClInclude Include="combo_box.h" />
    <ClInclude Include="control_box.h" />
    <ClInclude Include="cursor.h" />
    <ClInclude Include="edit.h" />
    <ClInclude Include="float_edit.h" />
    <ClInclude Include="form.h" />
    <ClInclude Include="grid.h" />
    <ClInclude Include="group_box.h" />
    <ClInclude Include="gui_scroll.h" />
    <ClInclude Include="i_container.h" />
    <ClInclude Include="i_control.h" />
    <ClInclude Include="i_design_info.h" />
    <ClInclude Include="i_scrollable.h" />
    <ClInclude Include="image_list.h" />
    <ClInclude Include="image_player.h" />
    <ClInclude Include="label.h" />
    <ClInclude Include="list_box.h" />
    <ClInclude Include="main_menu.h" />
    <ClInclude Include="mark_string.h" />
    <ClInclude Include="mempool2.h" />
    <ClInclude Include="menu.h" />
    <ClInclude Include="menu_item.h" />
    <ClInclude Include="name_list.h" />
    <ClInclude Include="picture.h" />
    <ClInclude Include="progress_bar.h" />
    <ClInclude Include="radio_button.h" />
    <ClInclude Include="round_box.h" />
    <ClInclude Include="scroll_bar.h" />
    <ClInclude Include="selector.h" />
    <ClInclude Include="splitter.h" />
    <ClInclude Include="text_box.h" />
    <ClInclude Include="track_bar.h" />
    <ClInclude Include="track_rect.h" />
    <ClInclude Include="tree_node.h" />
    <ClInclude Include="tree_view.h" />
    <ClInclude Include="action_track.h" />
    <ClInclude Include="animation.h" />
    <ClInclude Include="animation_path.h" />
    <ClInclude Include="color_data.h" />
    <ClInclude Include="cool_manager.h" />
    <ClInclude Include="data_image.h" />
    <ClInclude Include="design_info.h" />
    <ClInclude Include="design_loader.h" />
    <ClInclude Include="design_res.h" />
    <ClInclude Include="design_saver.h" />
    <ClInclude Include="designer.h" />
    <ClInclude Include="ellipse_progress_bar.h" />
    <ClInclude Include="eventmanager.h" />
    <ClInclude Include="flexstring.h" />
    <ClInclude Include="font.h" />
    <ClInclude Include="group_map.h" />
    <ClInclude Include="group_scrollable_box.h" />
    <ClInclude Include="gui.h" />
    <ClInclude Include="gui_const.h" />
    <ClInclude Include="gui_input.h" />
    <ClInclude Include="gui_utils.h" />
    <ClInclude Include="hyperlinkstyle_manager.h" />
    <ClInclude Include="image_control_grid.h" />
    <ClInclude Include="image_data.h" />
    <ClInclude Include="image_grid.h" />
    <ClInclude Include="imageanimation_manager.h" />
    <ClInclude Include="multitext_box.h" />
    <ClInclude Include="rich_edit.h" />
    <ClInclude Include="rich_input_box.h" />
    <ClInclude Include="scene_box.h" />
    <ClInclude Include="sprite.h" />
    <ClInclude Include="spritemanager.h" />
    <ClInclude Include="text.h" />
    <ClInclude Include="tinyhtml.h" />
    <ClInclude Include="tree_node_ex.h" />
    <ClInclude Include="tree_view_ex.h" />
    <ClInclude Include="..\tools\string_util.h">
      <Filter>tools</Filter>
    </ClInclude>
  </ItemGroup>
  <ItemGroup>
    <Filter Include="tools">
      <UniqueIdentifier>{e43fb878-6ad9-4328-92ed-85fe3f041bcd}</UniqueIdentifier>
    </Filter>
  </ItemGroup>
</Project>